
Microsoft Visual Studio Solution File, Format Version 12.00
# Visual Studio 15
VisualStudioVersion = 15.0.27004.2002
MinimumVisualStudioVersion = 10.0.40219.1
Project("{FAE04EC0-301F-11D3-BF4B-00C04F79EFBC}") = "WebOwinHosting", "WebOwinHosting\WebOwinHosting.csproj", "{27892602-305F-4078-80E9-4622EAA08800}"
EndProject
Project("{FAE04EC0-301F-11D3-BF4B-00C04F79EFBC}") = "WebClient", "WebClient\WebClient.csproj", "{56450D5B-D4E9-468C-A7AF-41F4DB376141}"
EndProject
Global
	GlobalSection(SolutionConfigurationPlatforms) = preSolution
		Debug|Any CPU = Debug|Any CPU
		Release|Any CPU = Release|Any CPU
	EndGlobalSection
	GlobalSection(ProjectConfigurationPlatforms) = postSolution
		{27892602-305F-4078-80E9-4622EAA08800}.Debug|Any CPU.ActiveCfg = Debug|Any CPU
		{27892602-305F-4078-80E9-4622EAA08800}.Debug|Any CPU.Build.0 = Debug|Any CPU
		{27892602-305F-4078-80E9-4622EAA08800}.Release|Any CPU.ActiveCfg = Release|Any CPU
		{27892602-305F-4078-80E9-4622EAA08800}.Release|Any CPU.Build.0 = Release|Any CPU
		{56450D5B-D4E9-468C-A7AF-41F4DB376141}.Debug|Any CPU.ActiveCfg = Debug|Any CPU
		{56450D5B-D4E9-468C-A7AF-41F4DB376141}.Debug|Any CPU.Build.0 = Debug|Any CPU
		{56450D5B-D4E9-468C-A7AF-41F4DB376141}.Release|Any CPU.ActiveCfg = Release|Any CPU
		{56450D5B-D4E9-468C-A7AF-41F4DB376141}.Release|Any CPU.Build.0 = Release|Any CPU
	EndGlobalSection
	GlobalSection(SolutionProperties) = preSolution
		HideSolutionNode = FALSE
	EndGlobalSection
	GlobalSection(ExtensibilityGlobals) = postSolution
		SolutionGuid = {5936739F-A409-471D-A1D4-107B1A98E5E3}
	EndGlobalSection
EndGlobal
